{
  "version": 4,
  "terraform_version": "1.13.5",
  "serial": 33,
  "lineage": "c622154f-f09a-49a7-e885-ee937467fbea",
  "outputs": {
    "environment_tag": {
      "value": "uat",
      "type": "string"
    }
  },
  "resources": [
    {
      "mode": "managed",
      "type": "aws_instance",
      "name": "demo",
      "provider": "provider[\"registry.terraform.io/hashicorp/aws\"]",
      "instances": [
        {
          "index_key": 0,
          "schema_version": 2,
          "attributes": {
            "ami": "ami-0532be01f26a3de55",
            "arn": "arn:aws:ec2:us-east-1:992382386705:instance/i-0cf883056e0177943",
            "associate_public_ip_address": true,
            "availability_zone": "us-east-1d",
            "capacity_reservation_specification": [
              {
                "capacity_reservation_preference": "open",
                "capacity_reservation_target": []
              }
            ],
            "cpu_options": [
              {
                "amd_sev_snp": "",
                "core_count": 1,
                "threads_per_core": 1
              }
            ],
            "credit_specification": [
              {
                "cpu_credits": "standard"
              }
            ],
            "disable_api_stop": false,
            "disable_api_termination": false,
            "ebs_block_device": [],
            "ebs_optimized": false,
            "enable_primary_ipv6": null,
            "enclave_options": [
              {
                "enabled": false
              }
            ],
            "ephemeral_block_device": [],
            "force_destroy": false,
            "get_password_data": false,
            "hibernation": false,
            "host_id": "",
            "host_resource_group_arn": null,
            "iam_instance_profile": "",
            "id": "i-0cf883056e0177943",
            "instance_initiated_shutdown_behavior": "stop",
            "instance_lifecycle": "",
            "instance_market_options": [],
            "instance_state": "running",
            "instance_type": "t2.micro",
            "ipv6_address_count": 0,
            "ipv6_addresses": [],
            "key_name": "key1-vishwa",
            "launch_template": [],
            "maintenance_options": [
              {
                "auto_recovery": "default"
              }
            ],
            "metadata_options": [
              {
                "http_endpoint": "enabled",
                "http_protocol_ipv6": "disabled",
                "http_put_response_hop_limit": 2,
                "http_tokens": "required",
                "instance_metadata_tags": "disabled"
              }
            ],
            "monitoring": false,
            "network_interface": [],
            "outpost_arn": "",
            "password_data": "",
            "placement_group": "",
            "placement_group_id": "",
            "placement_partition_number": 0,
            "primary_network_interface": [
              {
                "delete_on_termination": true,
                "network_interface_id": "eni-09f4601e815947ff4"
              }
            ],
            "primary_network_interface_id": "eni-09f4601e815947ff4",
            "private_dns": "ip-172-31-27-128.ec2.internal",
            "private_dns_name_options": [
              {
                "enable_resource_name_dns_a_record": false,
                "enable_resource_name_dns_aaaa_record": false,
                "hostname_type": "ip-name"
              }
            ],
            "private_ip": "172.31.27.128",
            "public_dns": "ec2-54-145-23-149.compute-1.amazonaws.com",
            "public_ip": "54.145.23.149",
            "region": "us-east-1",
            "root_block_device": [
              {
                "delete_on_termination": true,
                "device_name": "/dev/xvda",
                "encrypted": false,
                "iops": 3000,
                "kms_key_id": "",
                "tags": {},
                "tags_all": {},
                "throughput": 125,
                "volume_id": "vol-0dec9d3cc10bd55eb",
                "volume_size": 8,
                "volume_type": "gp3"
              }
            ],
            "secondary_private_ips": [],
            "security_groups": [
              "default"
            ],
            "source_dest_check": true,
            "spot_instance_request_id": "",
            "subnet_id": "subnet-0f9867f363a96b790",
            "tags": {
              "Name": "proj1-wed-dev-18"
            },
            "tags_all": {
              "Name": "proj1-wed-dev-18"
            },
            "tenancy": "default",
            "timeouts": null,
            "user_data": null,
            "user_data_base64": null,
            "user_data_replace_on_change": false,
            "volume_tags": null,
            "vpc_security_group_ids": [
              "sg-07138df2e19c406e4"
            ]
          },
          "sensitive_attributes": [],
          "identity_schema_version": 0,
          "identity": {
            "account_id": "992382386705",
            "id": "i-0cf883056e0177943",
            "region": "us-east-1"
          },
          "private": "eyJlMmJmYjczMC1lY2FhLTExZTYtOGY4OC0zNDM2M2JjN2M0YzAiOnsiY3JlYXRlIjo2MDAwMDAwMDAwMDAsImRlbGV0ZSI6MTIwMDAwMDAwMDAwMCwicmVhZCI6OTAwMDAwMDAwMDAwLCJ1cGRhdGUiOjYwMDAwMDAwMDAwMH0sInNjaGVtYV92ZXJzaW9uIjoiMiJ9"
        }
      ]
    },
    {
      "mode": "managed",
      "type": "aws_instance",
      "name": "python_vm",
      "provider": "provider[\"registry.terraform.io/hashicorp/aws\"]",
      "instances": [
        {
          "schema_version": 2,
          "attributes": {
            "ami": "ami-0030e4319cbf4dbf2",
            "arn": "arn:aws:ec2:us-east-1:992382386705:instance/i-03ae5d4efe4340033",
            "associate_public_ip_address": true,
            "availability_zone": "us-east-1f",
            "capacity_reservation_specification": [
              {
                "capacity_reservation_preference": "open",
                "capacity_reservation_target": []
              }
            ],
            "cpu_options": [
              {
                "amd_sev_snp": "",
                "core_count": 1,
                "threads_per_core": 2
              }
            ],
            "credit_specification": [
              {
                "cpu_credits": "unlimited"
              }
            ],
            "disable_api_stop": false,
            "disable_api_termination": false,
            "ebs_block_device": [],
            "ebs_optimized": false,
            "enable_primary_ipv6": null,
            "enclave_options": [
              {
                "enabled": false
              }
            ],
            "ephemeral_block_device": [],
            "force_destroy": false,
            "get_password_data": false,
            "hibernation": false,
            "host_id": "",
            "host_resource_group_arn": null,
            "iam_instance_profile": "",
            "id": "i-03ae5d4efe4340033",
            "instance_initiated_shutdown_behavior": "stop",
            "instance_lifecycle": "",
            "instance_market_options": [],
            "instance_state": "running",
            "instance_type": "t3.micro",
            "ipv6_address_count": 0,
            "ipv6_addresses": [],
            "key_name": "key1-vishwa",
            "launch_template": [],
            "maintenance_options": [
              {
                "auto_recovery": "default"
              }
            ],
            "metadata_options": [
              {
                "http_endpoint": "enabled",
                "http_protocol_ipv6": "disabled",
                "http_put_response_hop_limit": 1,
                "http_tokens": "optional",
                "instance_metadata_tags": "disabled"
              }
            ],
            "monitoring": false,
            "network_interface": [],
            "outpost_arn": "",
            "password_data": "",
            "placement_group": "",
            "placement_group_id": "",
            "placement_partition_number": 0,
            "primary_network_interface": [
              {
                "delete_on_termination": true,
                "network_interface_id": "eni-01c0e3081a1b12ab3"
              }
            ],
            "primary_network_interface_id": "eni-01c0e3081a1b12ab3",
            "private_dns": "ip-172-31-78-54.ec2.internal",
            "private_dns_name_options": [
              {
                "enable_resource_name_dns_a_record": false,
                "enable_resource_name_dns_aaaa_record": false,
                "hostname_type": "ip-name"
              }
            ],
            "private_ip": "172.31.78.54",
            "public_dns": "ec2-100-53-151-65.compute-1.amazonaws.com",
            "public_ip": "100.53.151.65",
            "region": "us-east-1",
            "root_block_device": [
              {
                "delete_on_termination": true,
                "device_name": "/dev/sda1",
                "encrypted": false,
                "iops": 100,
                "kms_key_id": "",
                "tags": {},
                "tags_all": {},
                "throughput": 0,
                "volume_id": "vol-0b99e2985af33f6b0",
                "volume_size": 8,
                "volume_type": "gp2"
              }
            ],
            "secondary_private_ips": [],
            "security_groups": [
              "demo-python-sg"
            ],
            "source_dest_check": true,
            "spot_instance_request_id": "",
            "subnet_id": "subnet-02fff39a382d05bf8",
            "tags": {
              "Name": "demo-python"
            },
            "tags_all": {
              "Name": "demo-python"
            },
            "tenancy": "default",
            "timeouts": null,
            "user_data": "#!/bin/bash\nset -e\n\nexport DEBIAN_FRONTEND=noninteractive\nREDIS_HOST=\"172.31.70.191\"\n\napt-get update -y\napt-get install -y python3 python3-pip\n\npip3 install flask redis\n\ncat \u003e /home/ubuntu/app.py \u003c\u003c'PY'\nfrom flask import Flask\nimport redis\nimport os\n\napp = Flask(__name__)\nredis_host = os.environ.get(\"REDIS_HOST\", \"127.0.0.1\")\n\nr = redis.Redis(host=redis_host, port=6379, decode_responses=True)\n\n@app.route(\"/\")\ndef home():\n    count = r.incr(\"page_refresh_count\")\n    return f\"\"\"\n    \u003ch2\u003eTerraform Demo: Python + Redis\u003c/h2\u003e\n    \u003cp\u003eRedis Host: \u003cb\u003e{redis_host}\u003c/b\u003e\u003c/p\u003e\n    \u003cp\u003eRefresh Count: \u003cb\u003e{count}\u003c/b\u003e\u003c/p\u003e\n    \"\"\"\n\nif __name__ == \"__main__\":\n    app.run(host=\"0.0.0.0\", port=5000)\nPY\n\nchown ubuntu:ubuntu /home/ubuntu/app.py\n\n# systemd service for python app\ncat \u003e /etc/systemd/system/python-redis-app.service \u003c\u003cEOF\n[Unit]\nDescription=Python Flask App (Redis Counter)\nAfter=network.target\n\n[Service]\nUser=ubuntu\nWorkingDirectory=/home/ubuntu\nEnvironment=REDIS_HOST=172.31.70.191\nExecStart=/usr/bin/python3 /home/ubuntu/app.py\nRestart=always\nRestartSec=3\n\n[Install]\nWantedBy=multi-user.target\nEOF\n\nsystemctl daemon-reload\nsystemctl enable python-redis-app\nsystemctl start python-redis-app\n",
            "user_data_base64": null,
            "user_data_replace_on_change": null,
            "volume_tags": null,
            "vpc_security_group_ids": [
              "sg-096e074d5917eef8c"
            ]
          },
          "sensitive_attributes": [],
          "identity_schema_version": 0,
          "identity": {
            "account_id": "992382386705",
            "id": "i-03ae5d4efe4340033",
            "region": "us-east-1"
          },
          "private": "eyJlMmJmYjczMC1lY2FhLTExZTYtOGY4OC0zNDM2M2JjN2M0YzAiOnsiY3JlYXRlIjo2MDAwMDAwMDAwMDAsImRlbGV0ZSI6MTIwMDAwMDAwMDAwMCwicmVhZCI6OTAwMDAwMDAwMDAwLCJ1cGRhdGUiOjYwMDAwMDAwMDAwMH0sInNjaGVtYV92ZXJzaW9uIjoiMiJ9"
        }
      ]
    },
    {
      "mode": "managed",
      "type": "null_resource",
      "name": "cp-file",
      "provider": "provider[\"registry.terraform.io/hashicorp/null\"]",
      "instances": [
        {
          "schema_version": 0,
          "attributes": {
            "id": "8217706310544291933",
            "triggers": {
              "always_run": "2026-02-03T19:50:14Z"
            }
          },
          "sensitive_attributes": [],
          "identity_schema_version": 0,
          "dependencies": [
            "aws_instance.demo"
          ]
        }
      ]
    },
    {
      "mode": "managed",
      "type": "null_resource",
      "name": "local_exe",
      "provider": "provider[\"registry.terraform.io/hashicorp/null\"]",
      "instances": [
        {
          "schema_version": 0,
          "attributes": {
            "id": "1938019859353334180",
            "triggers": {
              "always_run": "2026-02-03T19:50:14Z"
            }
          },
          "sensitive_attributes": [],
          "identity_schema_version": 0,
          "dependencies": [
            "aws_instance.demo"
          ]
        }
      ]
    },
    {
      "mode": "managed",
      "type": "null_resource",
      "name": "run_script",
      "provider": "provider[\"registry.terraform.io/hashicorp/null\"]",
      "instances": [
        {
          "schema_version": 0,
          "attributes": {
            "id": "8633558040455294976",
            "triggers": {
              "always_run": "2026-02-03T19:50:15Z"
            }
          },
          "sensitive_attributes": [],
          "identity_schema_version": 0,
          "dependencies": [
            "aws_instance.demo",
            "null_resource.cp-file"
          ]
        }
      ]
    }
  ],
  "check_results": null
}
